// !$*UTF8*$!
{
	archiveVersion = 1;
	classes = {
	};
	objectVersion = 50;
	objects = {

/* Begin PBXBuildFile section */
		012BE8CE268A3A3400296B53 /* AppDelegate.swift in Sources */ = {isa = PBXBuildFile; fileRef = 012BE8CD268A3A3400296B53 /* AppDelegate.swift */; };
		012BE8D0268A3A3400296B53 /* SceneDelegate.swift in Sources */ = {isa = PBXBuildFile; fileRef = 012BE8CF268A3A3400296B53 /* SceneDelegate.swift */; };
		012BE8D2268A3A3400296B53 /* ReminderListViewController.swift in Sources */ = {isa = PBXBuildFile; fileRef = 012BE8D1268A3A3400296B53 /* ReminderListViewController.swift */; };
		012BE8D5268A3A3400296B53 /* Main.storyboard in Resources */ = {isa = PBXBuildFile; fileRef = 012BE8D3268A3A3400296B53 /* Main.storyboard */; };
		012BE8D7268A3A3900296B53 /* Assets.xcassets in Resources */ = {isa = PBXBuildFile; fileRef = 012BE8D6268A3A3900296B53 /* Assets.xcassets */; };
		012BE8DA268A3A3900296B53 /* LaunchScreen.storyboard in Resources */ = {isa = PBXBuildFile; fileRef = 012BE8D8268A3A3900296B53 /* LaunchScreen.storyboard */; };
		012BE8E2268A3BCB00296B53 /* Reminder.swift in Sources */ = {isa = PBXBuildFile; fileRef = 012BE8E1268A3BCB00296B53 /* Reminder.swift */; };
		012BE8E4268BECEA00296B53 /* ReminderListCell.swift in Sources */ = {isa = PBXBuildFile; fileRef = 012BE8E3268BECEA00296B53 /* ReminderListCell.swift */; };
		012BE8E6268D684500296B53 /* ReminderDetailViewController.swift in Sources */ = {isa = PBXBuildFile; fileRef = 012BE8E5268D684400296B53 /* ReminderDetailViewController.swift */; };
		01B1E18F269505C9006D0E2B /* ReminderListDataSource.swift in Sources */ = {isa = PBXBuildFile; fileRef = 01B1E18E269505C9006D0E2B /* ReminderListDataSource.swift */; };
		01B1E1912695438F006D0E2B /* ReminderDetailViewDataSource.swift in Sources */ = {isa = PBXBuildFile; fileRef = 01B1E1902695438F006D0E2B /* ReminderDetailViewDataSource.swift */; };
		01B1E19426954EF8006D0E2B /* EditTitleCell.swift in Sources */ = {isa = PBXBuildFile; fileRef = 01B1E19326954EF8006D0E2B /* EditTitleCell.swift */; };
		01B1E19626954F6F006D0E2B /* EditDateCell.swift in Sources */ = {isa = PBXBuildFile; fileRef = 01B1E19526954F6F006D0E2B /* EditDateCell.swift */; };
		01B1E19826954FD9006D0E2B /* EditNotesCell.swift in Sources */ = {isa = PBXBuildFile; fileRef = 01B1E19726954FD9006D0E2B /* EditNotesCell.swift */; };
		01B1E19A269D32D6006D0E2B /* ReminderDetailEditDataSource.swift in Sources */ = {isa = PBXBuildFile; fileRef = 01B1E199269D32D6006D0E2B /* ReminderDetailEditDataSource.swift */; };
/* End PBXBuildFile section */

/* Begin PBXFileReference section */
		012BE8CA268A3A3400296B53 /* Today.app */ = {isa = PBXFileReference; explicitFileType = wrapper.application; includeInIndex = 0; path = Today.app; sourceTree = BUILT_PRODUCTS_DIR; };
		012BE8CD268A3A3400296B53 /* AppDelegate.swift */ = {isa = PBXFileReference; lastKnownFileType = sourcecode.swift; path = AppDelegate.swift; sourceTree = "<group>"; };
		012BE8CF268A3A3400296B53 /* SceneDelegate.swift */ = {isa = PBXFileReference; lastKnownFileType = sourcecode.swift; path = SceneDelegate.swift; sourceTree = "<group>"; };
		012BE8D1268A3A3400296B53 /* ReminderListViewController.swift */ = {isa = PBXFileReference; lastKnownFileType = sourcecode.swift; path = ReminderListViewController.swift; sourceTree = "<group>"; };
		012BE8D4268A3A3400296B53 /* Base */ = {isa = PBXFileReference; lastKnownFileType = file.storyboard; name = Base; path = Base.lproj/Main.storyboard; sourceTree = "<group>"; };
		012BE8D6268A3A3900296B53 /* Assets.xcassets */ = {isa = PBXFileReference; lastKnownFileType = folder.assetcatalog; path = Assets.xcassets; sourceTree = "<group>"; };
		012BE8D9268A3A3900296B53 /* Base */ = {isa = PBXFileReference; lastKnownFileType = file.storyboard; name = Base; path = Base.lproj/LaunchScreen.storyboard; sourceTree = "<group>"; };
		012BE8DB268A3A3900296B53 /* Info.plist */ = {isa = PBXFileReference; lastKnownFileType = text.plist.xml; path = Info.plist; sourceTree = "<group>"; };
		012BE8E1268A3BCB00296B53 /* Reminder.swift */ = {isa = PBXFileReference; lastKnownFileType = sourcecode.swift; path = Reminder.swift; sourceTree = "<group>"; };
		012BE8E3268BECEA00296B53 /* ReminderListCell.swift */ = {isa = PBXFileReference; lastKnownFileType = sourcecode.swift; path = ReminderListCell.swift; sourceTree = "<group>"; };
		012BE8E5268D684400296B53 /* ReminderDetailViewController.swift */ = {isa = PBXFileReference; lastKnownFileType = sourcecode.swift; path = ReminderDetailViewController.swift; sourceTree = "<group>"; };
		01B1E18E269505C9006D0E2B /* ReminderListDataSource.swift */ = {isa = PBXFileReference; lastKnownFileType = sourcecode.swift; path = ReminderListDataSource.swift; sourceTree = "<group>"; };
		01B1E1902695438F006D0E2B /* ReminderDetailViewDataSource.swift */ = {isa = PBXFileReference; lastKnownFileType = sourcecode.swift; path = ReminderDetailViewDataSource.swift; sourceTree = "<group>"; };
		01B1E19326954EF8006D0E2B /* EditTitleCell.swift */ = {isa = PBXFileReference; lastKnownFileType = sourcecode.swift; path = EditTitleCell.swift; sourceTree = "<group>"; };
		01B1E19526954F6F006D0E2B /* EditDateCell.swift */ = {isa = PBXFileReference; lastKnownFileType = sourcecode.swift; path = EditDateCell.swift; sourceTree = "<group>"; };
		01B1E19726954FD9006D0E2B /* EditNotesCell.swift */ = {isa = PBXFileReference; lastKnownFileType = sourcecode.swift; path = EditNotesCell.swift; sourceTree = "<group>"; };
		01B1E199269D32D6006D0E2B /* ReminderDetailEditDataSource.swift */ = {isa = PBXFileReference; lastKnownFileType = sourcecode.swift; path = ReminderDetailEditDataSource.swift; sourceTree = "<group>"; };
/* End PBXFileReference section */

/* Begin PBXFrameworksBuildPhase section */
		012BE8C7268A3A3400296B53 /* Frameworks */ = {
			isa = PBXFrameworksBuildPhase;
			buildActionMask = 2147483647;
			files = (
			);
			runOnlyForDeploymentPostprocessing = 0;
		};
/* End PBXFrameworksBuildPhase section */

/* Begin PBXGroup section */
		012BE8C1268A3A3400296B53 = {
			isa = PBXGroup;
			children = (
				012BE8CC268A3A3400296B53 /* Today */,
				012BE8CB268A3A3400296B53 /* Products */,
			);
			sourceTree = "<group>";
		};
		012BE8CB268A3A3400296B53 /* Products */ = {
			isa = PBXGroup;
			children = (
				012BE8CA268A3A3400296B53 /* Today.app */,
			);
			name = Products;
			sourceTree = "<group>";
		};
		012BE8CC268A3A3400296B53 /* Today */ = {
			isa = PBXGroup;
			children = (
				012BE8CD268A3A3400296B53 /* AppDelegate.swift */,
				012BE8CF268A3A3400296B53 /* SceneDelegate.swift */,
				012BE8D1268A3A3400296B53 /* ReminderListViewController.swift */,
				01B1E18E269505C9006D0E2B /* ReminderListDataSource.swift */,
				012BE8E5268D684400296B53 /* ReminderDetailViewController.swift */,
				01B1E1902695438F006D0E2B /* ReminderDetailViewDataSource.swift */,
				01B1E199269D32D6006D0E2B /* ReminderDetailEditDataSource.swift */,
				012BE8E1268A3BCB00296B53 /* Reminder.swift */,
				01B1E19226954EBE006D0E2B /* Views */,
				012BE8D3268A3A3400296B53 /* Main.storyboard */,
				012BE8D6268A3A3900296B53 /* Assets.xcassets */,
				012BE8D8268A3A3900296B53 /* LaunchScreen.storyboard */,
				012BE8DB268A3A3900296B53 /* Info.plist */,
			);
			path = Today;
			sourceTree = "<group>";
		};
		01B1E19226954EBE006D0E2B /* Views */ = {
			isa = PBXGroup;
			children = (
				012BE8E3268BECEA00296B53 /* ReminderListCell.swift */,
				01B1E19326954EF8006D0E2B /* EditTitleCell.swift */,
				01B1E19526954F6F006D0E2B /* EditDateCell.swift */,
				01B1E19726954FD9006D0E2B /* EditNotesCell.swift */,
			);
			path = Views;
			sourceTree = "<group>";
		};
/* End PBXGroup section */

/* Begin PBXNativeTarget section */
		012BE8C9268A3A3400296B53 /* Today */ = {
			isa = PBXNativeTarget;
			buildConfigurationList = 012BE8DE268A3A3900296B53 /* Build configuration list for PBXNativeTarget "Today" */;
			buildPhases = (
				012BE8C6268A3A3400296B53 /* Sources */,
				012BE8C7268A3A3400296B53 /* Frameworks */,
				012BE8C8268A3A3400296B53 /* Resources */,
			);
			buildRules = (
			);
			dependencies = (
			);
			name = Today;
			productName = Today;
			productReference = 012BE8CA268A3A3400296B53 /* Today.app */;
			productType = "com.apple.product-type.application";
		};
/* End PBXNativeTarget section */

/* Begin PBXProject section */
		012BE8C2268A3A3400296B53 /* Project object */ = {
			isa = PBXProject;
			attributes = {
				LastSwiftUpdateCheck = 1250;
				LastUpgradeCheck = 1250;
				TargetAttributes = {
					012BE8C9268A3A3400296B53 = {
						CreatedOnToolsVersion = 12.5;
					};
				};
			};
			buildConfigurationList = 012BE8C5268A3A3400296B53 /* Build configuration list for PBXProject "Today" */;
			compatibilityVersion = "Xcode 9.3";
			developmentRegion = en;
			hasScannedForEncodings = 0;
			knownRegions = (
				en,
				Base,
			);
			mainGroup = 012BE8C1268A3A3400296B53;
			productRefGroup = 012BE8CB268A3A3400296B53 /* Products */;
			projectDirPath = "";
			projectRoot = "";
			targets = (
				012BE8C9268A3A3400296B53 /* Today */,
			);
		};
/* End PBXProject section */

/* Begin PBXResourcesBuildPhase section */
		012BE8C8268A3A3400296B53 /* Resources */ = {
			isa = PBXResourcesBuildPhase;
			buildActionMask = 2147483647;
			files = (
				012BE8DA268A3A3900296B53 /* LaunchScreen.storyboard in Resources */,
				012BE8D7268A3A3900296B53 /* Assets.xcassets in Resources */,
				012BE8D5268A3A3400296B53 /* Main.storyboard in Resources */,
			);
			runOnlyForDeploymentPostprocessing = 0;
		};
/* End PBXResourcesBuildPhase section */

/* Begin PBXSourcesBuildPhase section */
		012BE8C6268A3A3400296B53 /* Sources */ = {
			isa = PBXSourcesBuildPhase;
			buildActionMask = 2147483647;
			files = (
				012BE8D2268A3A3400296B53 /* ReminderListViewController.swift in Sources */,
				012BE8E4268BECEA00296B53 /* ReminderListCell.swift in Sources */,
				01B1E19426954EF8006D0E2B /* EditTitleCell.swift in Sources */,
				012BE8CE268A3A3400296B53 /* AppDelegate.swift in Sources */,
				012BE8E6268D684500296B53 /* ReminderDetailViewController.swift in Sources */,
				01B1E1912695438F006D0E2B /* ReminderDetailViewDataSource.swift in Sources */,
				012BE8D0268A3A3400296B53 /* SceneDelegate.swift in Sources */,
				01B1E19826954FD9006D0E2B /* EditNotesCell.swift in Sources */,
				01B1E19626954F6F006D0E2B /* EditDateCell.swift in Sources */,
				012BE8E2268A3BCB00296B53 /* Reminder.swift in Sources */,
				01B1E18F269505C9006D0E2B /* ReminderListDataSource.swift in Sources */,
				01B1E19A269D32D6006D0E2B /* ReminderDetailEditDataSource.swift in Sources */,
			);
			runOnlyForDeploymentPostprocessing = 0;
		};
/* End PBXSourcesBuildPhase section */

/* Begin PBXVariantGroup section */
		012BE8D3268A3A3400296B53 /* Main.storyboard */ = {
			isa = PBXVariantGroup;
			children = (
				012BE8D4268A3A3400296B53 /* Base */,
			);
			name = Main.storyboard;
			sourceTree = "<group>";
		};
		012BE8D8268A3A3900296B53 /* LaunchScreen.storyboard */ = {
			isa = PBXVariantGroup;
			children = (
				012BE8D9268A3A3900296B53 /* Base */,
			);
			name = LaunchScreen.storyboard;
			sourceTree = "<group>";
		};
/* End PBXVariantGroup section */

/* Begin XCBuildConfiguration section */
		012BE8DC268A3A3900296B53 /* Debug */ = {
			isa = XCBuildConfiguration;
			buildSettings = {
				ALWAYS_SEARCH_USER_PATHS = NO;
				CLANG_ANALYZER_NONNULL = YES;
				CLANG_ANALYZER_NUMBER_OBJECT_CONVERSION = YES_AGGRESSIVE;
				CLANG_CXX_LANGUAGE_STANDARD = "gnu++14";
				CLANG_CXX_LIBRARY = "libc++";
				CLANG_ENABLE_MODULES = YES;
				CLANG_ENABLE_OBJC_ARC = YES;
				CLANG_ENABLE_OBJC_WEAK = YES;
				CLANG_WARN_BLOCK_CAPTURE_AUTORELEASING = YES;
				CLANG_WARN_BOOL_CONVERSION = YES;
				CLANG_WARN_COMMA = YES;
				CLANG_WARN_CONSTANT_CONVERSION = YES;
				CLANG_WARN_DEPRECATED_OBJC_IMPLEMENTATIONS = YES;
				CLANG_WARN_DIRECT_OBJC_ISA_USAGE = YES_ERROR;
				CLANG_WARN_DOCUMENTATION_COMMENTS = YES;
				CLANG_WARN_EMPTY_BODY = YES;
				CLANG_WARN_ENUM_CONVERSION = YES;
				CLANG_WARN_INFINITE_RECURSION = YES;
				CLANG_WARN_INT_CONVERSION = YES;
				CLANG_WARN_NON_LITERAL_NULL_CONVERSION = YES;
				CLANG_WARN_OBJC_IMPLICIT_RETAIN_SELF = YES;
				CLANG_WARN_OBJC_LITERAL_CONVERSION = YES;
				CLANG_WARN_OBJC_ROOT_CLASS = YES_ERROR;
				CLANG_WARN_QUOTED_INCLUDE_IN_FRAMEWORK_HEADER = YES;
				CLANG_WARN_RANGE_LOOP_ANALYSIS = YES;
				CLANG_WARN_STRICT_PROTOTYPES = YES;
				CLANG_WARN_SUSPICIOUS_MOVE = YES;
				CLANG_WARN_UNGUARDED_AVAILABILITY = YES_AGGRESSIVE;
				CLANG_WARN_UNREACHABLE_CODE = YES;
				CLANG_WARN__DUPLICATE_METHOD_MATCH = YES;
				COPY_PHASE_STRIP = NO;
				DEBUG_INFORMATION_FORMAT = dwarf;
				ENABLE_STRICT_OBJC_MSGSEND = YES;
				ENABLE_TESTABILITY = YES;
				GCC_C_LANGUAGE_STANDARD = gnu11;
				GCC_DYNAMIC_NO_PIC = NO;
				GCC_NO_COMMON_BLOCKS = YES;
				GCC_OPTIMIZATION_LEVEL = 0;
				GCC_PREPROCESSOR_DEFINITIONS = (
					"DEBUG=1",
					"$(inherited)",
				);
				GCC_WARN_64_TO_32_BIT_CONVERSION = YES;
				GCC_WARN_ABOUT_RETURN_TYPE = YES_ERROR;
				GCC_WARN_UNDECLARED_SELECTOR = YES;
				GCC_WARN_UNINITIALIZED_AUTOS = YES_AGGRESSIVE;
				GCC_WARN_UNUSED_FUNCTION = YES;
				GCC_WARN_UNUSED_VARIABLE = YES;
				IPHONEOS_DEPLOYMENT_TARGET = 14.5;
				MTL_ENABLE_DEBUG_INFO = INCLUDE_SOURCE;
				MTL_FAST_MATH = YES;
				ONLY_ACTIVE_ARCH = YES;
				SDKROOT = iphoneos;
				SWIFT_ACTIVE_COMPILATION_CONDITIONS = DEBUG;
				SWIFT_OPTIMIZATION_LEVEL = "-Onone";
			};
			name = Debug;
		};
		012BE8DD268A3A3900296B53 /* Release */ = {
			isa = XCBuildConfiguration;
			buildSettings = {
				ALWAYS_SEARCH_USER_PATHS = NO;
				CLANG_ANALYZER_NONNULL = YES;
				CLANG_ANALYZER_NUMBER_OBJECT_CONVERSION = YES_AGGRESSIVE;
				CLANG_CXX_LANGUAGE_STANDARD = "gnu++14";
				CLANG_CXX_LIBRARY = "libc++";
				CLANG_ENABLE_MODULES = YES;
				CLANG_ENABLE_OBJC_ARC = YES;
				CLANG_ENABLE_OBJC_WEAK = YES;
				CLANG_WARN_BLOCK_CAPTURE_AUTORELEASING = YES;
				CLANG_WARN_BOOL_CONVERSION = YES;
				CLANG_WARN_COMMA = YES;
				CLANG_WARN_CONSTANT_CONVERSION = YES;
				CLANG_WARN_DEPRECATED_OBJC_IMPLEMENTATIONS = YES;
				CLANG_WARN_DIRECT_OBJC_ISA_USAGE = YES_ERROR;
				CLANG_WARN_DOCUMENTATION_COMMENTS = YES;
				CLANG_WARN_EMPTY_BODY = YES;
				CLANG_WARN_ENUM_CONVERSION = YES;
				CLANG_WARN_INFINITE_RECURSION = YES;
				CLANG_WARN_INT_CONVERSION = YES;
				CLANG_WARN_NON_LITERAL_NULL_CONVERSION = YES;
				CLANG_WARN_OBJC_IMPLICIT_RETAIN_SELF = YES;
				CLANG_WARN_OBJC_LITERAL_CONVERSION = YES;
				CLANG_WARN_OBJC_ROOT_CLASS = YES_ERROR;
				CLANG_WARN_QUOTED_INCLUDE_IN_FRAMEWORK_HEADER = YES;
				CLANG_WARN_RANGE_LOOP_ANALYSIS = YES;
				CLANG_WARN_STRICT_PROTOTYPES = YES;
				CLANG_WARN_SUSPICIOUS_MOVE = YES;
				CLANG_WARN_UNGUARDED_AVAILABILITY = YES_AGGRESSIVE;
				CLANG_WARN_UNREACHABLE_CODE = YES;
				CLANG_WARN__DUPLICATE_METHOD_MATCH = YES;
				COPY_PHASE_STRIP = NO;
				DEBUG_INFORMATION_FORMAT = "dwarf-with-dsym";
				ENABLE_NS_ASSERTIONS = NO;
				ENABLE_STRICT_OBJC_MSGSEND = YES;
				GCC_C_LANGUAGE_STANDARD = gnu11;
				GCC_NO_COMMON_BLOCKS = YES;
				GCC_WARN_64_TO_32_BIT_CONVERSION = YES;
				GCC_WARN_ABOUT_RETURN_TYPE = YES_ERROR;
				GCC_WARN_UNDECLARED_SELECTOR = YES;
				GCC_WARN_UNINITIALIZED_AUTOS = YES_AGGRESSIVE;
				GCC_WARN_UNUSED_FUNCTION = YES;
				GCC_WARN_UNUSED_VARIABLE = YES;
				IPHONEOS_DEPLOYMENT_TARGET = 14.5;
				MTL_ENABLE_DEBUG_INFO = NO;
				MTL_FAST_MATH = YES;
				SDKROOT = iphoneos;
				SWIFT_COMPILATION_MODE = wholemodule;
				SWIFT_OPTIMIZATION_LEVEL = "-O";
				VALIDATE_PRODUCT = YES;
			};
			name = Release;
		};
		012BE8DF268A3A3900296B53 /* Debug */ = {
			isa = XCBuildConfiguration;
			buildSettings = {
				ASSETCATALOG_COMPILER_APPICON_NAME = AppIcon;
				ASSETCATALOG_COMPILER_GLOBAL_ACCENT_COLOR_NAME = AccentColor;
				CODE_SIGN_STYLE = Automatic;
				DEVELOPMENT_TEAM = DG4WJC99E5;
				INFOPLIST_FILE = Today/Info.plist;
				LD_RUNPATH_SEARCH_PATHS = (
					"$(inherited)",
					"@executable_path/Frameworks",
				);
				PRODUCT_BUNDLE_IDENTIFIER = com.melissagarrett.Today;
				PRODUCT_NAME = "$(TARGET_NAME)";
				SWIFT_VERSION = 5.0;
				TARGETED_DEVICE_FAMILY = "1,2";
			};
			name = Debug;
		};
		012BE8E0268A3A3900296B53 /* Release */ = {
			isa = XCBuildConfiguration;
			buildSettings = {
				ASSETCATALOG_COMPILER_APPICON_NAME = AppIcon;
				ASSETCATALOG_COMPILER_GLOBAL_ACCENT_COLOR_NAME = AccentColor;
				CODE_SIGN_STYLE = Automatic;
				DEVELOPMENT_TEAM = DG4WJC99E5;
				INFOPLIST_FILE = Today/Info.plist;
				LD_RUNPATH_SEARCH_PATHS = (
					"$(inherited)",
					"@executable_path/Frameworks",
				);
				PRODUCT_BUNDLE_IDENTIFIER = com.melissagarrett.Today;
				PRODUCT_NAME = "$(TARGET_NAME)";
				SWIFT_VERSION = 5.0;
				TARGETED_DEVICE_FAMILY = "1,2";
			};
			name = Release;
		};
/* End XCBuildConfiguration section */

/* Begin XCConfigurationList section */
		012BE8C5268A3A3400296B53 /* Build configuration list for PBXProject "Today" */ = {
			isa = XCConfigurationList;
			buildConfigurations = (
				012BE8DC268A3A3900296B53 /* Debug */,
				012BE8DD268A3A3900296B53 /* Release */,
			);
			defaultConfigurationIsVisible = 0;
			defaultConfigurationName = Release;
		};
		012BE8DE268A3A3900296B53 /* Build configuration list for PBXNativeTarget "Today" */ = {
			isa = XCConfigurationList;
			buildConfigurations = (
				012BE8DF268A3A3900296B53 /* Debug */,
				012BE8E0268A3A3900296B53 /* Release */,
			);
			defaultConfigurationIsVisible = 0;
			defaultConfigurationName = Release;
		};
/* End XCConfigurationList section */
	};
	rootObject = 012BE8C2268A3A3400296B53 /* Project object */;
}
